// !$*UTF8*$!
{
	archiveVersion = 1;
	classes = {
	};
	objectVersion = 51;
	objects = {

/* Begin PBXBuildFile section */
		52374BC125DF1E75009E9F7E /* UploadPostController.swift in Sources */ = {isa = PBXBuildFile; fileRef = 52374BC025DF1E75009E9F7E /* UploadPostController.swift */; };
		52374BC425DF215F009E9F7E /* InputTextView.swift in Sources */ = {isa = PBXBuildFile; fileRef = 52374BC325DF215F009E9F7E /* InputTextView.swift */; };
		52374BC725DF6904009E9F7E /* PostService.swift in Sources */ = {isa = PBXBuildFile; fileRef = 52374BC625DF6903009E9F7E /* PostService.swift */; };
		52374BCA25DF7472009E9F7E /* Post.swift in Sources */ = {isa = PBXBuildFile; fileRef = 52374BC925DF7472009E9F7E /* Post.swift */; };
		523EE87925D203A80096FC76 /* AppDelegate.swift in Sources */ = {isa = PBXBuildFile; fileRef = 523EE87825D203A80096FC76 /* AppDelegate.swift */; };
		523EE87B25D203A80096FC76 /* SceneDelegate.swift in Sources */ = {isa = PBXBuildFile; fileRef = 523EE87A25D203A80096FC76 /* SceneDelegate.swift */; };
		523EE87D25D203A80096FC76 /* ViewController.swift in Sources */ = {isa = PBXBuildFile; fileRef = 523EE87C25D203A80096FC76 /* ViewController.swift */; };
		523EE88025D203A80096FC76 /* Main.storyboard in Resources */ = {isa = PBXBuildFile; fileRef = 523EE87E25D203A80096FC76 /* Main.storyboard */; };
		523EE88325D203A80096FC76 /* InstagramClone.xcdatamodeld in Sources */ = {isa = PBXBuildFile; fileRef = 523EE88125D203A80096FC76 /* InstagramClone.xcdatamodeld */; };
		523EE88825D203AB0096FC76 /* LaunchScreen.storyboard in Resources */ = {isa = PBXBuildFile; fileRef = 523EE88625D203AB0096FC76 /* LaunchScreen.storyboard */; };
		523EE89825D2054C0096FC76 /* MainTabController.swift in Sources */ = {isa = PBXBuildFile; fileRef = 523EE89725D2054C0096FC76 /* MainTabController.swift */; };
		523EE89B25D229160096FC76 /* FeedController.swift in Sources */ = {isa = PBXBuildFile; fileRef = 523EE89A25D229160096FC76 /* FeedController.swift */; };
		523EE89E25D229260096FC76 /* SearchController.swift in Sources */ = {isa = PBXBuildFile; fileRef = 523EE89D25D229260096FC76 /* SearchController.swift */; };
		523EE8A125D2293C0096FC76 /* ImageSelectorController.swift in Sources */ = {isa = PBXBuildFile; fileRef = 523EE8A025D2293C0096FC76 /* ImageSelectorController.swift */; };
		523EE8A425D229570096FC76 /* NotificationController.swift in Sources */ = {isa = PBXBuildFile; fileRef = 523EE8A325D229570096FC76 /* NotificationController.swift */; };
		523EE8A725D229690096FC76 /* ProfileController.swift in Sources */ = {isa = PBXBuildFile; fileRef = 523EE8A625D229690096FC76 /* ProfileController.swift */; };
		523EE8AB25D22CE90096FC76 /* Assets.xcassets in Resources */ = {isa = PBXBuildFile; fileRef = 523EE8AA25D22CE90096FC76 /* Assets.xcassets */; };
		523EE8B025D237A10096FC76 /* FeedCell.swift in Sources */ = {isa = PBXBuildFile; fileRef = 523EE8AF25D237A10096FC76 /* FeedCell.swift */; };
		523EE8B325D238670096FC76 /* Extensions.swift in Sources */ = {isa = PBXBuildFile; fileRef = 523EE8B225D238670096FC76 /* Extensions.swift */; };
		523EE8BB25D349BC0096FC76 /* LoginController.swift in Sources */ = {isa = PBXBuildFile; fileRef = 523EE8BA25D349BB0096FC76 /* LoginController.swift */; };
		523EE8BF25D349DC0096FC76 /* RegistrationController.swift in Sources */ = {isa = PBXBuildFile; fileRef = 523EE8BE25D349DC0096FC76 /* RegistrationController.swift */; };
		523EE8C225D355220096FC76 /* CustomTextField.swift in Sources */ = {isa = PBXBuildFile; fileRef = 523EE8C125D355210096FC76 /* CustomTextField.swift */; };
		523EE8C525D376CF0096FC76 /* AuthenricationViewModel.swift in Sources */ = {isa = PBXBuildFile; fileRef = 523EE8C425D376CF0096FC76 /* AuthenricationViewModel.swift */; };
		523EE8C825D49FE90096FC76 /* GoogleService-Info.plist in Resources */ = {isa = PBXBuildFile; fileRef = 523EE8C725D49FE80096FC76 /* GoogleService-Info.plist */; };
		523EE8EA25D4A6A30096FC76 /* ImageUploader.swift in Sources */ = {isa = PBXBuildFile; fileRef = 523EE8E925D4A6A30096FC76 /* ImageUploader.swift */; };
		523EE8ED25D4A6B50096FC76 /* AuthService.swift in Sources */ = {isa = PBXBuildFile; fileRef = 523EE8EC25D4A6B50096FC76 /* AuthService.swift */; };
		523EE8F025D8C6C10096FC76 /* ProfileCell.swift in Sources */ = {isa = PBXBuildFile; fileRef = 523EE8EF25D8C6C00096FC76 /* ProfileCell.swift */; };
		523EE8F325D8C6D10096FC76 /* ProfileHeader.swift in Sources */ = {isa = PBXBuildFile; fileRef = 523EE8F225D8C6D10096FC76 /* ProfileHeader.swift */; };
		523EE8F825DA12860096FC76 /* UserService.swift in Sources */ = {isa = PBXBuildFile; fileRef = 523EE8F725DA12850096FC76 /* UserService.swift */; };
		523EE8FF25DA132F0096FC76 /* Constants.swift in Sources */ = {isa = PBXBuildFile; fileRef = 523EE8FE25DA132F0096FC76 /* Constants.swift */; };
		523EE90225DA16630096FC76 /* User.swift in Sources */ = {isa = PBXBuildFile; fileRef = 523EE90125DA16630096FC76 /* User.swift */; };
		523EE90525DA1E980096FC76 /* ProfileViewModel.swift in Sources */ = {isa = PBXBuildFile; fileRef = 523EE90425DA1E970096FC76 /* ProfileViewModel.swift */; };
		523EE90825DC775A0096FC76 /* UserCell.swift in Sources */ = {isa = PBXBuildFile; fileRef = 523EE90725DC775A0096FC76 /* UserCell.swift */; };
		523EE90B25DDAF360096FC76 /* UserCellViewModel.swift in Sources */ = {isa = PBXBuildFile; fileRef = 523EE90A25DDAF350096FC76 /* UserCellViewModel.swift */; };
		C6090B8CC99EE209D075E6D7 /* Pods_InstagramClone.framework in Frameworks */ = {isa = PBXBuildFile; fileRef = 71284AAB3AA14139AEAA6285 /* Pods_InstagramClone.framework */; };
/* End PBXBuildFile section */

/* Begin PBXFileReference section */
		412407AC87DD745B1A4CFB33 /* Pods-InstagramClone.release.xcconfig */ = {isa = PBXFileReference; includeInIndex = 1; lastKnownFileType = text.xcconfig; name = "Pods-InstagramClone.release.xcconfig"; path = "Target Support Files/Pods-InstagramClone/Pods-InstagramClone.release.xcconfig"; sourceTree = "<group>"; };
		52374BC025DF1E75009E9F7E /* UploadPostController.swift */ = {isa = PBXFileReference; lastKnownFileType = sourcecode.swift; path = UploadPostController.swift; sourceTree = "<group>"; };
		52374BC325DF215F009E9F7E /* InputTextView.swift */ = {isa = PBXFileReference; lastKnownFileType = sourcecode.swift; path = InputTextView.swift; sourceTree = "<group>"; };
		52374BC625DF6903009E9F7E /* PostService.swift */ = {isa = PBXFileReference; lastKnownFileType = sourcecode.swift; path = PostService.swift; sourceTree = "<group>"; };
		52374BC925DF7472009E9F7E /* Post.swift */ = {isa = PBXFileReference; lastKnownFileType = sourcecode.swift; path = Post.swift; sourceTree = "<group>"; };
		523EE87525D203A80096FC76 /* InstagramClone.app */ = {isa = PBXFileReference; explicitFileType = wrapper.application; includeInIndex = 0; path = InstagramClone.app; sourceTree = BUILT_PRODUCTS_DIR; };
		523EE87825D203A80096FC76 /* AppDelegate.swift */ = {isa = PBXFileReference; lastKnownFileType = sourcecode.swift; path = AppDelegate.swift; sourceTree = "<group>"; };
		523EE87A25D203A80096FC76 /* SceneDelegate.swift */ = {isa = PBXFileReference; lastKnownFileType = sourcecode.swift; path = SceneDelegate.swift; sourceTree = "<group>"; };
		523EE87C25D203A80096FC76 /* ViewController.swift */ = {isa = PBXFileReference; lastKnownFileType = sourcecode.swift; path = ViewController.swift; sourceTree = "<group>"; };
		523EE87F25D203A80096FC76 /* Base */ = {isa = PBXFileReference; lastKnownFileType = file.storyboard; name = Base; path = Base.lproj/Main.storyboard; sourceTree = "<group>"; };
		523EE88225D203A80096FC76 /* InstagramClone.xcdatamodel */ = {isa = PBXFileReference; lastKnownFileType = wrapper.xcdatamodel; path = InstagramClone.xcdatamodel; sourceTree = "<group>"; };
		523EE88725D203AB0096FC76 /* Base */ = {isa = PBXFileReference; lastKnownFileType = file.storyboard; name = Base; path = Base.lproj/LaunchScreen.storyboard; sourceTree = "<group>"; };
		523EE88925D203AB0096FC76 /* Info.plist */ = {isa = PBXFileReference; lastKnownFileType = text.plist.xml; path = Info.plist; sourceTree = "<group>"; };
		523EE89725D2054C0096FC76 /* MainTabController.swift */ = {isa = PBXFileReference; lastKnownFileType = sourcecode.swift; path = MainTabController.swift; sourceTree = "<group>"; };
		523EE89A25D229160096FC76 /* FeedController.swift */ = {isa = PBXFileReference; lastKnownFileType = sourcecode.swift; path = FeedController.swift; sourceTree = "<group>"; };
		523EE89D25D229260096FC76 /* SearchController.swift */ = {isa = PBXFileReference; lastKnownFileType = sourcecode.swift; path = SearchController.swift; sourceTree = "<group>"; };
		523EE8A025D2293C0096FC76 /* ImageSelectorController.swift */ = {isa = PBXFileReference; lastKnownFileType = sourcecode.swift; path = ImageSelectorController.swift; sourceTree = "<group>"; };
		523EE8A325D229570096FC76 /* NotificationController.swift */ = {isa = PBXFileReference; lastKnownFileType = sourcecode.swift; path = NotificationController.swift; sourceTree = "<group>"; };
		523EE8A625D229690096FC76 /* ProfileController.swift */ = {isa = PBXFileReference; lastKnownFileType = sourcecode.swift; path = ProfileController.swift; sourceTree = "<group>"; };
		523EE8AA25D22CE90096FC76 /* Assets.xcassets */ = {isa = PBXFileReference; lastKnownFileType = folder.assetcatalog; name = Assets.xcassets; path = ../../../../../Downloads/Assets.xcassets; sourceTree = "<group>"; };
		523EE8AD25D22CF30096FC76 /* Assets.xcassets */ = {isa = PBXFileReference; lastKnownFileType = folder.assetcatalog; path = Assets.xcassets; sourceTree = "<group>"; };
		523EE8AF25D237A10096FC76 /* FeedCell.swift */ = {isa = PBXFileReference; lastKnownFileType = sourcecode.swift; path = FeedCell.swift; sourceTree = "<group>"; };
		523EE8B225D238670096FC76 /* Extensions.swift */ = {isa = PBXFileReference; lastKnownFileType = sourcecode.swift; path = Extensions.swift; sourceTree = "<group>"; };
		523EE8BA25D349BB0096FC76 /* LoginController.swift */ = {isa = PBXFileReference; lastKnownFileType = sourcecode.swift; path = LoginController.swift; sourceTree = "<group>"; };
		523EE8BE25D349DC0096FC76 /* RegistrationController.swift */ = {isa = PBXFileReference; lastKnownFileType = sourcecode.swift; path = RegistrationController.swift; sourceTree = "<group>"; };
		523EE8C125D355210096FC76 /* CustomTextField.swift */ = {isa = PBXFileReference; lastKnownFileType = sourcecode.swift; path = CustomTextField.swift; sourceTree = "<group>"; };
		523EE8C425D376CF0096FC76 /* AuthenricationViewModel.swift */ = {isa = PBXFileReference; lastKnownFileType = sourcecode.swift; path = AuthenricationViewModel.swift; sourceTree = "<group>"; };
		523EE8C725D49FE80096FC76 /* GoogleService-Info.plist */ = {isa = PBXFileReference; lastKnownFileType = text.plist; path = "GoogleService-Info.plist"; sourceTree = SOURCE_ROOT; };
		523EE8E925D4A6A30096FC76 /* ImageUploader.swift */ = {isa = PBXFileReference; lastKnownFileType = sourcecode.swift; path = ImageUploader.swift; sourceTree = "<group>"; };
		523EE8EC25D4A6B50096FC76 /* AuthService.swift */ = {isa = PBXFileReference; lastKnownFileType = sourcecode.swift; path = AuthService.swift; sourceTree = "<group>"; };
		523EE8EF25D8C6C00096FC76 /* ProfileCell.swift */ = {isa = PBXFileReference; lastKnownFileType = sourcecode.swift; path = ProfileCell.swift; sourceTree = "<group>"; };
		523EE8F225D8C6D10096FC76 /* ProfileHeader.swift */ = {isa = PBXFileReference; lastKnownFileType = sourcecode.swift; path = ProfileHeader.swift; sourceTree = "<group>"; };
		523EE8F725DA12850096FC76 /* UserService.swift */ = {isa = PBXFileReference; lastKnownFileType = sourcecode.swift; path = UserService.swift; sourceTree = "<group>"; };
		523EE8FE25DA132F0096FC76 /* Constants.swift */ = {isa = PBXFileReference; lastKnownFileType = sourcecode.swift; path = Constants.swift; sourceTree = "<group>"; };
		523EE90125DA16630096FC76 /* User.swift */ = {isa = PBXFileReference; lastKnownFileType = sourcecode.swift; path = User.swift; sourceTree = "<group>"; };
		523EE90425DA1E970096FC76 /* ProfileViewModel.swift */ = {isa = PBXFileReference; lastKnownFileType = sourcecode.swift; path = ProfileViewModel.swift; sourceTree = "<group>"; };
		523EE90725DC775A0096FC76 /* UserCell.swift */ = {isa = PBXFileReference; lastKnownFileType = sourcecode.swift; path = UserCell.swift; sourceTree = "<group>"; };
		523EE90A25DDAF350096FC76 /* UserCellViewModel.swift */ = {isa = PBXFileReference; lastKnownFileType = sourcecode.swift; path = UserCellViewModel.swift; sourceTree = "<group>"; };
		71284AAB3AA14139AEAA6285 /* Pods_InstagramClone.framework */ = {isa = PBXFileReference; explicitFileType = wrapper.framework; includeInIndex = 0; path = Pods_InstagramClone.framework; sourceTree = BUILT_PRODUCTS_DIR; };
		8908B035F4CEF7F4499732A1 /* Pods-InstagramClone.debug.xcconfig */ = {isa = PBXFileReference; includeInIndex = 1; lastKnownFileType = text.xcconfig; name = "Pods-InstagramClone.debug.xcconfig"; path = "Target Support Files/Pods-InstagramClone/Pods-InstagramClone.debug.xcconfig"; sourceTree = "<group>"; };
/* End PBXFileReference section */

/* Begin PBXFrameworksBuildPhase section */
		523EE87225D203A80096FC76 /* Frameworks */ = {
			isa = PBXFrameworksBuildPhase;
			buildActionMask = 2147483647;
			files = (
				C6090B8CC99EE209D075E6D7 /* Pods_InstagramClone.framework in Frameworks */,
			);
			runOnlyForDeploymentPostprocessing = 0;
		};
/* End PBXFrameworksBuildPhase section */

/* Begin PBXGroup section */
		0A49FFCEDA29030A2F045928 /* Pods */ = {
			isa = PBXGroup;
			children = (
				8908B035F4CEF7F4499732A1 /* Pods-InstagramClone.debug.xcconfig */,
				412407AC87DD745B1A4CFB33 /* Pods-InstagramClone.release.xcconfig */,
			);
			path = Pods;
			sourceTree = "<group>";
		};
		523EE86C25D203A80096FC76 = {
			isa = PBXGroup;
			children = (
				523EE8AD25D22CF30096FC76 /* Assets.xcassets */,
				523EE87725D203A80096FC76 /* InstagramClone */,
				523EE87625D203A80096FC76 /* Products */,
				0A49FFCEDA29030A2F045928 /* Pods */,
				DEE4F4A8CD7906148968E56A /* Frameworks */,
			);
			sourceTree = "<group>";
		};
		523EE87625D203A80096FC76 /* Products */ = {
			isa = PBXGroup;
			children = (
				523EE87525D203A80096FC76 /* InstagramClone.app */,
			);
			name = Products;
			sourceTree = "<group>";
		};
		523EE87725D203A80096FC76 /* InstagramClone */ = {
			isa = PBXGroup;
			children = (
				523EE89325D2042D0096FC76 /* View */,
				523EE89525D204340096FC76 /* Model */,
				523EE89425D204300096FC76 /* Controller */,
				523EE89225D204290096FC76 /* API */,
				523EE89125D204260096FC76 /* Utils */,
				523EE89025D204140096FC76 /* ViewModel */,
				523EE87825D203A80096FC76 /* AppDelegate.swift */,
				523EE87A25D203A80096FC76 /* SceneDelegate.swift */,
				523EE87C25D203A80096FC76 /* ViewController.swift */,
				523EE87E25D203A80096FC76 /* Main.storyboard */,
				523EE88625D203AB0096FC76 /* LaunchScreen.storyboard */,
				523EE88925D203AB0096FC76 /* Info.plist */,
				523EE8C725D49FE80096FC76 /* GoogleService-Info.plist */,
				523EE88125D203A80096FC76 /* InstagramClone.xcdatamodeld */,
				523EE8AA25D22CE90096FC76 /* Assets.xcassets */,
			);
			path = InstagramClone;
			sourceTree = "<group>";
		};
		523EE89025D204140096FC76 /* ViewModel */ = {
			isa = PBXGroup;
			children = (
				523EE8C425D376CF0096FC76 /* AuthenricationViewModel.swift */,
				523EE90425DA1E970096FC76 /* ProfileViewModel.swift */,
				523EE90A25DDAF350096FC76 /* UserCellViewModel.swift */,
			);
			path = ViewModel;
			sourceTree = "<group>";
		};
		523EE89125D204260096FC76 /* Utils */ = {
			isa = PBXGroup;
			children = (
				523EE8B225D238670096FC76 /* Extensions.swift */,
				523EE8FE25DA132F0096FC76 /* Constants.swift */,
				52374BC325DF215F009E9F7E /* InputTextView.swift */,
			);
			path = Utils;
			sourceTree = "<group>";
		};
		523EE89225D204290096FC76 /* API */ = {
			isa = PBXGroup;
			children = (
				523EE8E925D4A6A30096FC76 /* ImageUploader.swift */,
				523EE8EC25D4A6B50096FC76 /* AuthService.swift */,
				523EE8F725DA12850096FC76 /* UserService.swift */,
				52374BC625DF6903009E9F7E /* PostService.swift */,
			);
			path = API;
			sourceTree = "<group>";
		};
		523EE89325D2042D0096FC76 /* View */ = {
			isa = PBXGroup;
			children = (
				523EE8F525D8C6E20096FC76 /* Profile */,
				523EE8AF25D237A10096FC76 /* FeedCell.swift */,
				523EE8C125D355210096FC76 /* CustomTextField.swift */,
				523EE90725DC775A0096FC76 /* UserCell.swift */,
			);
			path = View;
			sourceTree = "<group>";
		};
		523EE89425D204300096FC76 /* Controller */ = {
			isa = PBXGroup;
			children = (
				523EE8B925D349970096FC76 /* Authentication */,
				523EE89725D2054C0096FC76 /* MainTabController.swift */,
				523EE89A25D229160096FC76 /* FeedController.swift */,
				523EE89D25D229260096FC76 /* SearchController.swift */,
				523EE8A025D2293C0096FC76 /* ImageSelectorController.swift */,
				523EE8A325D229570096FC76 /* NotificationController.swift */,
				523EE8A625D229690096FC76 /* ProfileController.swift */,
				52374BC025DF1E75009E9F7E /* UploadPostController.swift */,
			);
			path = Controller;
			sourceTree = "<group>";
		};
		523EE89525D204340096FC76 /* Model */ = {
			isa = PBXGroup;
			children = (
				523EE90125DA16630096FC76 /* User.swift */,
				52374BC925DF7472009E9F7E /* Post.swift */,
			);
			path = Model;
			sourceTree = "<group>";
		};
		523EE8B925D349970096FC76 /* Authentication */ = {
			isa = PBXGroup;
			children = (
				523EE8BA25D349BB0096FC76 /* LoginController.swift */,
				523EE8BE25D349DC0096FC76 /* RegistrationController.swift */,
			);
			path = Authentication;
			sourceTree = "<group>";
		};
		523EE8F525D8C6E20096FC76 /* Profile */ = {
			isa = PBXGroup;
			children = (
				523EE8EF25D8C6C00096FC76 /* ProfileCell.swift */,
				523EE8F225D8C6D10096FC76 /* ProfileHeader.swift */,
			);
			path = Profile;
			sourceTree = "<group>";
		};
		DEE4F4A8CD7906148968E56A /* Frameworks */ = {
			isa = PBXGroup;
			children = (
				71284AAB3AA14139AEAA6285 /* Pods_InstagramClone.framework */,
			);
			name = Frameworks;
			sourceTree = "<group>";
		};
/* End PBXGroup section */

/* Begin PBXNativeTarget section */
		523EE87425D203A80096FC76 /* InstagramClone */ = {
			isa = PBXNativeTarget;
			buildConfigurationList = 523EE88C25D203AB0096FC76 /* Build configuration list for PBXNativeTarget "InstagramClone" */;
			buildPhases = (
				FA70D1CF34DDFEE606C4093E /* [CP] Check Pods Manifest.lock */,
				523EE87125D203A80096FC76 /* Sources */,
				523EE87225D203A80096FC76 /* Frameworks */,
				523EE87325D203A80096FC76 /* Resources */,
				472B3024DD7B5F553DC62061 /* [CP] Embed Pods Frameworks */,
			);
			buildRules = (
			);
			dependencies = (
			);
			name = InstagramClone;
			productName = InstagramClone;
			productReference = 523EE87525D203A80096FC76 /* InstagramClone.app */;
			productType = "com.apple.product-type.application";
		};
/* End PBXNativeTarget section */

/* Begin PBXProject section */
		523EE86D25D203A80096FC76 /* Project object */ = {
			isa = PBXProject;
			attributes = {
				LastSwiftUpdateCheck = 1200;
				LastUpgradeCheck = 1200;
				TargetAttributes = {
					523EE87425D203A80096FC76 = {
						CreatedOnToolsVersion = 12.0;
					};
				};
			};
			buildConfigurationList = 523EE87025D203A80096FC76 /* Build configuration list for PBXProject "InstagramClone" */;
			compatibilityVersion = "Xcode 9.3";
			developmentRegion = en;
			hasScannedForEncodings = 0;
			knownRegions = (
				en,
				Base,
			);
			mainGroup = 523EE86C25D203A80096FC76;
			productRefGroup = 523EE87625D203A80096FC76 /* Products */;
			projectDirPath = "";
			projectRoot = "";
			targets = (
				523EE87425D203A80096FC76 /* InstagramClone */,
			);
		};
/* End PBXProject section */

/* Begin PBXResourcesBuildPhase section */
		523EE87325D203A80096FC76 /* Resources */ = {
			isa = PBXResourcesBuildPhase;
			buildActionMask = 2147483647;
			files = (
				523EE88825D203AB0096FC76 /* LaunchScreen.storyboard in Resources */,
				523EE8C825D49FE90096FC76 /* GoogleService-Info.plist in Resources */,
				523EE8AB25D22CE90096FC76 /* Assets.xcassets in Resources */,
				523EE88025D203A80096FC76 /* Main.storyboard in Resources */,
			);
			runOnlyForDeploymentPostprocessing = 0;
		};
/* End PBXResourcesBuildPhase section */

/* Begin PBXShellScriptBuildPhase section */
		472B3024DD7B5F553DC62061 /* [CP] Embed Pods Frameworks */ = {
			isa = PBXShellScriptBuildPhase;
			buildActionMask = 2147483647;
			files = (
			);
			inputFileListPaths = (
				"${PODS_ROOT}/Target Support Files/Pods-InstagramClone/Pods-InstagramClone-frameworks-${CONFIGURATION}-input-files.xcfilelist",
			);
			name = "[CP] Embed Pods Frameworks";
			outputFileListPaths = (
				"${PODS_ROOT}/Target Support Files/Pods-InstagramClone/Pods-InstagramClone-frameworks-${CONFIGURATION}-output-files.xcfilelist",
			);
			runOnlyForDeploymentPostprocessing = 0;
			shellPath = /bin/sh;
			shellScript = "\"${PODS_ROOT}/Target Support Files/Pods-InstagramClone/Pods-InstagramClone-frameworks.sh\"\n";
			showEnvVarsInLog = 0;
		};
		FA70D1CF34DDFEE606C4093E /* [CP] Check Pods Manifest.lock */ = {
			isa = PBXShellScriptBuildPhase;
			buildActionMask = 2147483647;
			files = (
			);
			inputFileListPaths = (
			);
			inputPaths = (
				"${PODS_PODFILE_DIR_PATH}/Podfile.lock",
				"${PODS_ROOT}/Manifest.lock",
			);
			name = "[CP] Check Pods Manifest.lock";
			outputFileListPaths = (
			);
			outputPaths = (
				"$(DERIVED_FILE_DIR)/Pods-InstagramClone-checkManifestLockResult.txt",
			);
			runOnlyForDeploymentPostprocessing = 0;
			shellPath = /bin/sh;
			shellScript = "diff \"${PODS_PODFILE_DIR_PATH}/Podfile.lock\" \"${PODS_ROOT}/Manifest.lock\" > /dev/null\nif [ $? != 0 ] ; then\n    # print error to STDERR\n    echo \"error: The sandbox is not in sync with the Podfile.lock. Run 'pod install' or update your CocoaPods installation.\" >&2\n    exit 1\nfi\n# This output is used by Xcode 'outputs' to avoid re-running this script phase.\necho \"SUCCESS\" > \"${SCRIPT_OUTPUT_FILE_0}\"\n";
			showEnvVarsInLog = 0;
		};
/* End PBXShellScriptBuildPhase section */

/* Begin PBXSourcesBuildPhase section */
		523EE87125D203A80096FC76 /* Sources */ = {
			isa = PBXSourcesBuildPhase;
			buildActionMask = 2147483647;
			files = (
				523EE8BF25D349DC0096FC76 /* RegistrationController.swift in Sources */,
				523EE8FF25DA132F0096FC76 /* Constants.swift in Sources */,
				523EE8A125D2293C0096FC76 /* ImageSelectorController.swift in Sources */,
				523EE8EA25D4A6A30096FC76 /* ImageUploader.swift in Sources */,
				523EE8ED25D4A6B50096FC76 /* AuthService.swift in Sources */,
				523EE8C525D376CF0096FC76 /* AuthenricationViewModel.swift in Sources */,
				523EE90525DA1E980096FC76 /* ProfileViewModel.swift in Sources */,
				52374BC125DF1E75009E9F7E /* UploadPostController.swift in Sources */,
				523EE87D25D203A80096FC76 /* ViewController.swift in Sources */,
				52374BCA25DF7472009E9F7E /* Post.swift in Sources */,
				523EE89B25D229160096FC76 /* FeedController.swift in Sources */,
				523EE8BB25D349BC0096FC76 /* LoginController.swift in Sources */,
				523EE8F325D8C6D10096FC76 /* ProfileHeader.swift in Sources */,
				523EE87925D203A80096FC76 /* AppDelegate.swift in Sources */,
				523EE8B025D237A10096FC76 /* FeedCell.swift in Sources */,
				52374BC425DF215F009E9F7E /* InputTextView.swift in Sources */,
				523EE90825DC775A0096FC76 /* UserCell.swift in Sources */,
				523EE89E25D229260096FC76 /* SearchController.swift in Sources */,
				523EE90B25DDAF360096FC76 /* UserCellViewModel.swift in Sources */,
				523EE8A725D229690096FC76 /* ProfileController.swift in Sources */,
				523EE8B325D238670096FC76 /* Extensions.swift in Sources */,
				52374BC725DF6904009E9F7E /* PostService.swift in Sources */,
				523EE8F825DA12860096FC76 /* UserService.swift in Sources */,
				523EE89825D2054C0096FC76 /* MainTabController.swift in Sources */,
				523EE8A425D229570096FC76 /* NotificationController.swift in Sources */,
				523EE8F025D8C6C10096FC76 /* ProfileCell.swift in Sources */,
				523EE88325D203A80096FC76 /* InstagramClone.xcdatamodeld in Sources */,
				523EE87B25D203A80096FC76 /* SceneDelegate.swift in Sources */,
				523EE8C225D355220096FC76 /* CustomTextField.swift in Sources */,
				523EE90225DA16630096FC76 /* User.swift in Sources */,
			);
			runOnlyForDeploymentPostprocessing = 0;
		};
/* End PBXSourcesBuildPhase section */

/* Begin PBXVariantGroup section */
		523EE87E25D203A80096FC76 /* Main.storyboard */ = {
			isa = PBXVariantGroup;
			children = (
				523EE87F25D203A80096FC76 /* Base */,
			);
			name = Main.storyboard;
			sourceTree = "<group>";
		};
		523EE88625D203AB0096FC76 /* LaunchScreen.storyboard */ = {
			isa = PBXVariantGroup;
			children = (
				523EE88725D203AB0096FC76 /* Base */,
			);
			name = LaunchScreen.storyboard;
			sourceTree = "<group>";
		};
/* End PBXVariantGroup section */

/* Begin XCBuildConfiguration section */
		523EE88A25D203AB0096FC76 /* Debug */ = {
			isa = XCBuildConfiguration;
			buildSettings = {
				ALWAYS_SEARCH_USER_PATHS = NO;
				CLANG_ANALYZER_NONNULL = YES;
				CLANG_ANALYZER_NUMBER_OBJECT_CONVERSION = YES_AGGRESSIVE;
				CLANG_CXX_LANGUAGE_STANDARD = "gnu++14";
				CLANG_CXX_LIBRARY = "libc++";
				CLANG_ENABLE_MODULES = YES;
				CLANG_ENABLE_OBJC_ARC = YES;
				CLANG_ENABLE_OBJC_WEAK = YES;
				CLANG_WARN_BLOCK_CAPTURE_AUTORELEASING = YES;
				CLANG_WARN_BOOL_CONVERSION = YES;
				CLANG_WARN_COMMA = YES;
				CLANG_WARN_CONSTANT_CONVERSION = YES;
				CLANG_WARN_DEPRECATED_OBJC_IMPLEMENTATIONS = YES;
				CLANG_WARN_DIRECT_OBJC_ISA_USAGE = YES_ERROR;
				CLANG_WARN_DOCUMENTATION_COMMENTS = YES;
				CLANG_WARN_EMPTY_BODY = YES;
				CLANG_WARN_ENUM_CONVERSION = YES;
				CLANG_WARN_INFINITE_RECURSION = YES;
				CLANG_WARN_INT_CONVERSION = YES;
				CLANG_WARN_NON_LITERAL_NULL_CONVERSION = YES;
				CLANG_WARN_OBJC_IMPLICIT_RETAIN_SELF = YES;
				CLANG_WARN_OBJC_LITERAL_CONVERSION = YES;
				CLANG_WARN_OBJC_ROOT_CLASS = YES_ERROR;
				CLANG_WARN_QUOTED_INCLUDE_IN_FRAMEWORK_HEADER = YES;
				CLANG_WARN_RANGE_LOOP_ANALYSIS = YES;
				CLANG_WARN_STRICT_PROTOTYPES = YES;
				CLANG_WARN_SUSPICIOUS_MOVE = YES;
				CLANG_WARN_UNGUARDED_AVAILABILITY = YES_AGGRESSIVE;
				CLANG_WARN_UNREACHABLE_CODE = YES;
				CLANG_WARN__DUPLICATE_METHOD_MATCH = YES;
				COPY_PHASE_STRIP = NO;
				DEBUG_INFORMATION_FORMAT = dwarf;
				ENABLE_STRICT_OBJC_MSGSEND = YES;
				ENABLE_TESTABILITY = YES;
				GCC_C_LANGUAGE_STANDARD = gnu11;
				GCC_DYNAMIC_NO_PIC = NO;
				GCC_NO_COMMON_BLOCKS = YES;
				GCC_OPTIMIZATION_LEVEL = 0;
				GCC_PREPROCESSOR_DEFINITIONS = (
					"DEBUG=1",
					"$(inherited)",
				);
				GCC_WARN_64_TO_32_BIT_CONVERSION = YES;
				GCC_WARN_ABOUT_RETURN_TYPE = YES_ERROR;
				GCC_WARN_UNDECLARED_SELECTOR = YES;
				GCC_WARN_UNINITIALIZED_AUTOS = YES_AGGRESSIVE;
				GCC_WARN_UNUSED_FUNCTION = YES;
				GCC_WARN_UNUSED_VARIABLE = YES;
				IPHONEOS_DEPLOYMENT_TARGET = 14.0;
				MTL_ENABLE_DEBUG_INFO = INCLUDE_SOURCE;
				MTL_FAST_MATH = YES;
				ONLY_ACTIVE_ARCH = YES;
				SDKROOT = iphoneos;
				SWIFT_ACTIVE_COMPILATION_CONDITIONS = DEBUG;
				SWIFT_OPTIMIZATION_LEVEL = "-Onone";
			};
			name = Debug;
		};
		523EE88B25D203AB0096FC76 /* Release */ = {
			isa = XCBuildConfiguration;
			buildSettings = {
				ALWAYS_SEARCH_USER_PATHS = NO;
				CLANG_ANALYZER_NONNULL = YES;
				CLANG_ANALYZER_NUMBER_OBJECT_CONVERSION = YES_AGGRESSIVE;
				CLANG_CXX_LANGUAGE_STANDARD = "gnu++14";
				CLANG_CXX_LIBRARY = "libc++";
				CLANG_ENABLE_MODULES = YES;
				CLANG_ENABLE_OBJC_ARC = YES;
				CLANG_ENABLE_OBJC_WEAK = YES;
				CLANG_WARN_BLOCK_CAPTURE_AUTORELEASING = YES;
				CLANG_WARN_BOOL_CONVERSION = YES;
				CLANG_WARN_COMMA = YES;
				CLANG_WARN_CONSTANT_CONVERSION = YES;
				CLANG_WARN_DEPRECATED_OBJC_IMPLEMENTATIONS = YES;
				CLANG_WARN_DIRECT_OBJC_ISA_USAGE = YES_ERROR;
				CLANG_WARN_DOCUMENTATION_COMMENTS = YES;
				CLANG_WARN_EMPTY_BODY = YES;
				CLANG_WARN_ENUM_CONVERSION = YES;
				CLANG_WARN_INFINITE_RECURSION = YES;
				CLANG_WARN_INT_CONVERSION = YES;
				CLANG_WARN_NON_LITERAL_NULL_CONVERSION = YES;
				CLANG_WARN_OBJC_IMPLICIT_RETAIN_SELF = YES;
				CLANG_WARN_OBJC_LITERAL_CONVERSION = YES;
				CLANG_WARN_OBJC_ROOT_CLASS = YES_ERROR;
				CLANG_WARN_QUOTED_INCLUDE_IN_FRAMEWORK_HEADER = YES;
				CLANG_WARN_RANGE_LOOP_ANALYSIS = YES;
				CLANG_WARN_STRICT_PROTOTYPES = YES;
				CLANG_WARN_SUSPICIOUS_MOVE = YES;
				CLANG_WARN_UNGUARDED_AVAILABILITY = YES_AGGRESSIVE;
				CLANG_WARN_UNREACHABLE_CODE = YES;
				CLANG_WARN__DUPLICATE_METHOD_MATCH = YES;
				COPY_PHASE_STRIP = NO;
				DEBUG_INFORMATION_FORMAT = "dwarf-with-dsym";
				ENABLE_NS_ASSERTIONS = NO;
				ENABLE_STRICT_OBJC_MSGSEND = YES;
				GCC_C_LANGUAGE_STANDARD = gnu11;
				GCC_NO_COMMON_BLOCKS = YES;
				GCC_WARN_64_TO_32_BIT_CONVERSION = YES;
				GCC_WARN_ABOUT_RETURN_TYPE = YES_ERROR;
				GCC_WARN_UNDECLARED_SELECTOR = YES;
				GCC_WARN_UNINITIALIZED_AUTOS = YES_AGGRESSIVE;
				GCC_WARN_UNUSED_FUNCTION = YES;
				GCC_WARN_UNUSED_VARIABLE = YES;
				IPHONEOS_DEPLOYMENT_TARGET = 14.0;
				MTL_ENABLE_DEBUG_INFO = NO;
				MTL_FAST_MATH = YES;
				SDKROOT = iphoneos;
				SWIFT_COMPILATION_MODE = wholemodule;
				SWIFT_OPTIMIZATION_LEVEL = "-O";
				VALIDATE_PRODUCT = YES;
			};
			name = Release;
		};
		523EE88D25D203AB0096FC76 /* Debug */ = {
			isa = XCBuildConfiguration;
			baseConfigurationReference = 8908B035F4CEF7F4499732A1 /* Pods-InstagramClone.debug.xcconfig */;
			buildSettings = {
				ASSETCATALOG_COMPILER_APPICON_NAME = AppIcon;
				ASSETCATALOG_COMPILER_GLOBAL_ACCENT_COLOR_NAME = AccentColor;
				CODE_SIGN_STYLE = Automatic;
				DEVELOPMENT_TEAM = WQFK2G6ZXL;
				INFOPLIST_FILE = InstagramClone/Info.plist;
				LD_RUNPATH_SEARCH_PATHS = (
					"$(inherited)",
					"@executable_path/Frameworks",
				);
				PRODUCT_BUNDLE_IDENTIFIER = com.JamesTang.InstagramClone;
				PRODUCT_NAME = "$(TARGET_NAME)";
				SWIFT_VERSION = 5.0;
				TARGETED_DEVICE_FAMILY = "1,2";
			};
			name = Debug;
		};
		523EE88E25D203AB0096FC76 /* Release */ = {
			isa = XCBuildConfiguration;
			baseConfigurationReference = 412407AC87DD745B1A4CFB33 /* Pods-InstagramClone.release.xcconfig */;
			buildSettings = {
				ASSETCATALOG_COMPILER_APPICON_NAME = AppIcon;
				ASSETCATALOG_COMPILER_GLOBAL_ACCENT_COLOR_NAME = AccentColor;
				CODE_SIGN_STYLE = Automatic;
				DEVELOPMENT_TEAM = WQFK2G6ZXL;
				INFOPLIST_FILE = InstagramClone/Info.plist;
				LD_RUNPATH_SEARCH_PATHS = (
					"$(inherited)",
					"@executable_path/Frameworks",
				);
				PRODUCT_BUNDLE_IDENTIFIER = com.JamesTang.InstagramClone;
				PRODUCT_NAME = "$(TARGET_NAME)";
				SWIFT_VERSION = 5.0;
				TARGETED_DEVICE_FAMILY = "1,2";
			};
			name = Release;
		};
/* End XCBuildConfiguration section */

/* Begin XCConfigurationList section */
		523EE87025D203A80096FC76 /* Build configuration list for PBXProject "InstagramClone" */ = {
			isa = XCConfigurationList;
			buildConfigurations = (
				523EE88A25D203AB0096FC76 /* Debug */,
				523EE88B25D203AB0096FC76 /* Release */,
			);
			defaultConfigurationIsVisible = 0;
			defaultConfigurationName = Release;
		};
		523EE88C25D203AB0096FC76 /* Build configuration list for PBXNativeTarget "InstagramClone" */ = {
			isa = XCConfigurationList;
			buildConfigurations = (
				523EE88D25D203AB0096FC76 /* Debug */,
				523EE88E25D203AB0096FC76 /* Release */,
			);
			defaultConfigurationIsVisible = 0;
			defaultConfigurationName = Release;
		};
/* End XCConfigurationList section */

/* Begin XCVersionGroup section */
		523EE88125D203A80096FC76 /* InstagramClone.xcdatamodeld */ = {
			isa = XCVersionGroup;
			children = (
				523EE88225D203A80096FC76 /* InstagramClone.xcdatamodel */,
			);
			currentVersion = 523EE88225D203A80096FC76 /* InstagramClone.xcdatamodel */;
			path = InstagramClone.xcdatamodeld;
			sourceTree = "<group>";
			versionGroupType = wrapper.xcdatamodel;
		};
/* End XCVersionGroup section */
	};
	rootObject = 523EE86D25D203A80096FC76 /* Project object */;
}
